<?xml version="1.0" encoding="utf-8"?>
<Project ToolsVersion="4.0" xmlns="http://schemas.microsoft.com/developer/msbuild/2003">
  <ItemGroup>
    <Filter Include="Source Files">
      <UniqueIdentifier>{4FC737F1-C7A5-4376-A066-2A32D752A2FF}</UniqueIdentifier>
      <Extensions>cpp;c;cc;cxx;c++;cppm;ixx;def;odl;idl;hpj;bat;asm;asmx</Extensions>
    </Filter>
    <Filter Include="Header Files">
      <UniqueIdentifier>{93995380-89BD-4b04-88EB-625FBE52EBFB}</UniqueIdentifier>
      <Extensions>h;hh;hpp;hxx;h++;hm;inl;inc;ipp;xsd</Extensions>
    </Filter>
    <Filter Include="Resource Files">
      <UniqueIdentifier>{67DA6AB6-F800-4c08-8B7A-83BB121AAD01}</UniqueIdentifier>
      <Extensions>rc;ico;cur;bmp;dlg;rc2;rct;bin;rgs;gif;jpg;jpeg;jpe;resx;tiff;tif;png;wav;mfcribbon-ms</Extensions>
    </Filter>
  </ItemGroup>
  <ItemGroup>
    <ClCompile Include="source\game.cpp">
      <Filter>Source Files</Filter>
    </ClCompile>
    <ClCompile Include="source\engine\actor.cpp">
      <Filter>Source Files</Filter>
    </ClCompile>
    <ClCompile Include="source\engine\engine.cpp">
      <Filter>Source Files</Filter>
    </ClCompile>
    <ClCompile Include="source\engine\inputsystem.cpp">
      <Filter>Source Files</Filter>
    </ClCompile>
    <ClCompile Include="source\engine\scene.cpp">
      <Filter>Source Files</Filter>
    </ClCompile>
    <ClCompile Include="source\engine\scenefactory.cpp">
      <Filter>Source Files</Filter>
    </ClCompile>
    <ClCompile Include="source\engine\components\bouncemovcomponent.cpp">
      <Filter>Source Files</Filter>
    </ClCompile>
    <ClCompile Include="source\engine\components\floatmovcomponent.cpp">
      <Filter>Source Files</Filter>
    </ClCompile>
    <ClCompile Include="source\engine\components\pathmovcomponent.cpp">
      <Filter>Source Files</Filter>
    </ClCompile>
    <ClCompile Include="source\engine\components\staticspritecomponent.cpp">
      <Filter>Source Files</Filter>
    </ClCompile>
    <ClCompile Include="source\engine\components\lrmovcomponent.cpp">
      <Filter>Source Files</Filter>
    </ClCompile>
    <ClCompile Include="source\engine\collisionsysytem.cpp">
      <Filter>Source Files</Filter>
    </ClCompile>
    <ClCompile Include="source\engine\components\collidercomponent.cpp">
      <Filter>Source Files</Filter>
    </ClCompile>
    <ClCompile Include="source\engine\components\kineticcollcomponent.cpp">
      <Filter>Source Files</Filter>
    </ClCompile>
    <ClCompile Include="source\mathvec.cpp">
      <Filter>Source Files</Filter>
    </ClCompile>
  </ItemGroup>
  <ItemGroup>
    <ClInclude Include="source\engine\scenefactory.h">
      <Filter>Header Files</Filter>
    </ClInclude>
    <ClInclude Include="source\engine\actor.h">
      <Filter>Header Files</Filter>
    </ClInclude>
    <ClInclude Include="source\engine\component.h">
      <Filter>Header Files</Filter>
    </ClInclude>
    <ClInclude Include="source\engine\engine.h">
      <Filter>Header Files</Filter>
    </ClInclude>
    <ClInclude Include="source\engine\inputsystem.h">
      <Filter>Header Files</Filter>
    </ClInclude>
    <ClInclude Include="source\engine\scene.h">
      <Filter>Header Files</Filter>
    </ClInclude>
    <ClInclude Include="source\engine\components\bouncemovcomponent.h">
      <Filter>Header Files</Filter>
    </ClInclude>
    <ClInclude Include="source\engine\components\floatmovcomponent.h">
      <Filter>Header Files</Filter>
    </ClInclude>
    <ClInclude Include="source\engine\components\pathmovcomponent.h">
      <Filter>Header Files</Filter>
    </ClInclude>
    <ClInclude Include="source\engine\components\staticspritecomponent.h">
      <Filter>Header Files</Filter>
    </ClInclude>
    <ClInclude Include="source\engine\components\lrmovcomponent.h">
      <Filter>Header Files</Filter>
    </ClInclude>
    <ClInclude Include="source\engine\collisionsysytem.h">
      <Filter>Header Files</Filter>
    </ClInclude>
    <ClInclude Include="source\engine\components\collidercomponent.h">
      <Filter>Header Files</Filter>
    </ClInclude>
    <ClInclude Include="source\engine\components\kineticcollcomponent.h">
      <Filter>Header Files</Filter>
    </ClInclude>
    <ClInclude Include="source\mathvec.h">
      <Filter>Header Files</Filter>
    </ClInclude>
  </ItemGroup>
</Project>